// !$*UTF8*$!
{
	archiveVersion = 1;
	classes = {
	};
	objectVersion = 51;
	objects = {

/* Begin PBXBuildFile section */
		3D19CB80269B25420036B3BE /* LogInViewController.swift in Sources */ = {isa = PBXBuildFile; fileRef = 3D19CB7F269B25420036B3BE /* LogInViewController.swift */; };
		3D19CB87269B278A0036B3BE /* BaseViewController.swift in Sources */ = {isa = PBXBuildFile; fileRef = 3D19CB86269B278A0036B3BE /* BaseViewController.swift */; };
		3D19CB89269B27D20036B3BE /* BaseTabBarController.swift in Sources */ = {isa = PBXBuildFile; fileRef = 3D19CB88269B27D20036B3BE /* BaseTabBarController.swift */; };
		3D19CB8B269B28030036B3BE /* IndicatorView.swift in Sources */ = {isa = PBXBuildFile; fileRef = 3D19CB8A269B28030036B3BE /* IndicatorView.swift */; };
		3D19CB8D269B287E0036B3BE /* Color.swift in Sources */ = {isa = PBXBuildFile; fileRef = 3D19CB8C269B287E0036B3BE /* Color.swift */; };
		3D19CB8F269C8E530036B3BE /* UIView.swift in Sources */ = {isa = PBXBuildFile; fileRef = 3D19CB8E269C8E530036B3BE /* UIView.swift */; };
		3D4236302699D3DF0075E192 /* AppDelegate.swift in Sources */ = {isa = PBXBuildFile; fileRef = 3D42362F2699D3DF0075E192 /* AppDelegate.swift */; };
		3D4236322699D3DF0075E192 /* SceneDelegate.swift in Sources */ = {isa = PBXBuildFile; fileRef = 3D4236312699D3DF0075E192 /* SceneDelegate.swift */; };
		3D4236342699D3DF0075E192 /* ViewController.swift in Sources */ = {isa = PBXBuildFile; fileRef = 3D4236332699D3DF0075E192 /* ViewController.swift */; };
		3D4236392699D3E10075E192 /* Assets.xcassets in Resources */ = {isa = PBXBuildFile; fileRef = 3D4236382699D3E10075E192 /* Assets.xcassets */; };
		3D42363C2699D3E10075E192 /* LaunchScreen.storyboard in Resources */ = {isa = PBXBuildFile; fileRef = 3D42363A2699D3E10075E192 /* LaunchScreen.storyboard */; };
		3D4236472699D3E10075E192 /* YEPATests.swift in Sources */ = {isa = PBXBuildFile; fileRef = 3D4236462699D3E10075E192 /* YEPATests.swift */; };
		3D4236522699D3E10075E192 /* YEPAUITests.swift in Sources */ = {isa = PBXBuildFile; fileRef = 3D4236512699D3E10075E192 /* YEPAUITests.swift */; };
		3E4B447623DF935C366A4514 /* Pods_YEPA.framework in Frameworks */ = {isa = PBXBuildFile; fileRef = 4FCF3F2829BFE0B31C1DE715 /* Pods_YEPA.framework */; };
		59267EBC71868FE8771E7ABA /* Pods_YEPA_YEPAUITests.framework in Frameworks */ = {isa = PBXBuildFile; fileRef = CA3CABCF21F26977057DA7F3 /* Pods_YEPA_YEPAUITests.framework */; };
		ECA7144490F68FA3281917C0 /* Pods_YEPATests.framework in Frameworks */ = {isa = PBXBuildFile; fileRef = 4F75A962E1E5D85C6D6FA4C9 /* Pods_YEPATests.framework */; };
/* End PBXBuildFile section */

/* Begin PBXContainerItemProxy section */
		3D4236432699D3E10075E192 /* PBXContainerItemProxy */ = {
			isa = PBXContainerItemProxy;
			containerPortal = 3D4236242699D3DF0075E192 /* Project object */;
			proxyType = 1;
			remoteGlobalIDString = 3D42362B2699D3DF0075E192;
			remoteInfo = YEPA;
		};
		3D42364E2699D3E10075E192 /* PBXContainerItemProxy */ = {
			isa = PBXContainerItemProxy;
			containerPortal = 3D4236242699D3DF0075E192 /* Project object */;
			proxyType = 1;
			remoteGlobalIDString = 3D42362B2699D3DF0075E192;
			remoteInfo = YEPA;
		};
/* End PBXContainerItemProxy section */

/* Begin PBXFileReference section */
		09AD1E784B4E34C5CEE6954E /* Pods-YEPA-YEPAUITests.release.xcconfig */ = {isa = PBXFileReference; includeInIndex = 1; lastKnownFileType = text.xcconfig; name = "Pods-YEPA-YEPAUITests.release.xcconfig"; path = "Target Support Files/Pods-YEPA-YEPAUITests/Pods-YEPA-YEPAUITests.release.xcconfig"; sourceTree = "<group>"; };
		1510B4AE2152A437C918B092 /* Pods-YEPATests.release.xcconfig */ = {isa = PBXFileReference; includeInIndex = 1; lastKnownFileType = text.xcconfig; name = "Pods-YEPATests.release.xcconfig"; path = "Target Support Files/Pods-YEPATests/Pods-YEPATests.release.xcconfig"; sourceTree = "<group>"; };
		3D19CB7F269B25420036B3BE /* LogInViewController.swift */ = {isa = PBXFileReference; lastKnownFileType = sourcecode.swift; path = LogInViewController.swift; sourceTree = "<group>"; };
		3D19CB86269B278A0036B3BE /* BaseViewController.swift */ = {isa = PBXFileReference; lastKnownFileType = sourcecode.swift; name = BaseViewController.swift; path = YEPA/View/BaseViewController.swift; sourceTree = SOURCE_ROOT; };
		3D19CB88269B27D20036B3BE /* BaseTabBarController.swift */ = {isa = PBXFileReference; lastKnownFileType = sourcecode.swift; name = BaseTabBarController.swift; path = YEPA/View/BaseTabBarController.swift; sourceTree = SOURCE_ROOT; };
		3D19CB8A269B28030036B3BE /* IndicatorView.swift */ = {isa = PBXFileReference; lastKnownFileType = sourcecode.swift; name = IndicatorView.swift; path = YEPA/View/IndicatorView.swift; sourceTree = SOURCE_ROOT; };
		3D19CB8C269B287E0036B3BE /* Color.swift */ = {isa = PBXFileReference; lastKnownFileType = sourcecode.swift; name = Color.swift; path = YEPA/View/Color.swift; sourceTree = SOURCE_ROOT; };
		3D19CB8E269C8E530036B3BE /* UIView.swift */ = {isa = PBXFileReference; lastKnownFileType = sourcecode.swift; name = UIView.swift; path = YEPA/View/UIView.swift; sourceTree = SOURCE_ROOT; };
		3D42362C2699D3DF0075E192 /* YEPA.app */ = {isa = PBXFileReference; explicitFileType = wrapper.application; includeInIndex = 0; path = YEPA.app; sourceTree = BUILT_PRODUCTS_DIR; };
		3D42362F2699D3DF0075E192 /* AppDelegate.swift */ = {isa = PBXFileReference; lastKnownFileType = sourcecode.swift; path = AppDelegate.swift; sourceTree = "<group>"; };
		3D4236312699D3DF0075E192 /* SceneDelegate.swift */ = {isa = PBXFileReference; lastKnownFileType = sourcecode.swift; path = SceneDelegate.swift; sourceTree = "<group>"; };
		3D4236332699D3DF0075E192 /* ViewController.swift */ = {isa = PBXFileReference; lastKnownFileType = sourcecode.swift; path = ViewController.swift; sourceTree = "<group>"; };
		3D4236382699D3E10075E192 /* Assets.xcassets */ = {isa = PBXFileReference; lastKnownFileType = folder.assetcatalog; path = Assets.xcassets; sourceTree = "<group>"; };
		3D42363B2699D3E10075E192 /* Base */ = {isa = PBXFileReference; lastKnownFileType = file.storyboard; name = Base; path = Base.lproj/LaunchScreen.storyboard; sourceTree = "<group>"; };
		3D42363D2699D3E10075E192 /* Info.plist */ = {isa = PBXFileReference; lastKnownFileType = text.plist.xml; path = Info.plist; sourceTree = "<group>"; };
		3D4236422699D3E10075E192 /* YEPATests.xctest */ = {isa = PBXFileReference; explicitFileType = wrapper.cfbundle; includeInIndex = 0; path = YEPATests.xctest; sourceTree = BUILT_PRODUCTS_DIR; };
		3D4236462699D3E10075E192 /* YEPATests.swift */ = {isa = PBXFileReference; lastKnownFileType = sourcecode.swift; path = YEPATests.swift; sourceTree = "<group>"; };
		3D4236482699D3E10075E192 /* Info.plist */ = {isa = PBXFileReference; lastKnownFileType = text.plist.xml; path = Info.plist; sourceTree = "<group>"; };
		3D42364D2699D3E10075E192 /* YEPAUITests.xctest */ = {isa = PBXFileReference; explicitFileType = wrapper.cfbundle; includeInIndex = 0; path = YEPAUITests.xctest; sourceTree = BUILT_PRODUCTS_DIR; };
		3D4236512699D3E10075E192 /* YEPAUITests.swift */ = {isa = PBXFileReference; lastKnownFileType = sourcecode.swift; path = YEPAUITests.swift; sourceTree = "<group>"; };
		3D4236532699D3E10075E192 /* Info.plist */ = {isa = PBXFileReference; lastKnownFileType = text.plist.xml; path = Info.plist; sourceTree = "<group>"; };
		4F75A962E1E5D85C6D6FA4C9 /* Pods_YEPATests.framework */ = {isa = PBXFileReference; explicitFileType = wrapper.framework; includeInIndex = 0; path = Pods_YEPATests.framework; sourceTree = BUILT_PRODUCTS_DIR; };
		4FCF3F2829BFE0B31C1DE715 /* Pods_YEPA.framework */ = {isa = PBXFileReference; explicitFileType = wrapper.framework; includeInIndex = 0; path = Pods_YEPA.framework; sourceTree = BUILT_PRODUCTS_DIR; };
		532AAC7A2604886B13D5626D /* Pods-YEPA-YEPAUITests.debug.xcconfig */ = {isa = PBXFileReference; includeInIndex = 1; lastKnownFileType = text.xcconfig; name = "Pods-YEPA-YEPAUITests.debug.xcconfig"; path = "Target Support Files/Pods-YEPA-YEPAUITests/Pods-YEPA-YEPAUITests.debug.xcconfig"; sourceTree = "<group>"; };
		552EC522A41E41AD116252B5 /* Pods-YEPATests.debug.xcconfig */ = {isa = PBXFileReference; includeInIndex = 1; lastKnownFileType = text.xcconfig; name = "Pods-YEPATests.debug.xcconfig"; path = "Target Support Files/Pods-YEPATests/Pods-YEPATests.debug.xcconfig"; sourceTree = "<group>"; };
		5FB4D70D353C05F6F4E2370D /* Pods-YEPA.release.xcconfig */ = {isa = PBXFileReference; includeInIndex = 1; lastKnownFileType = text.xcconfig; name = "Pods-YEPA.release.xcconfig"; path = "Target Support Files/Pods-YEPA/Pods-YEPA.release.xcconfig"; sourceTree = "<group>"; };
		92065FBC31C4950C166CEEC6 /* Pods-YEPA.debug.xcconfig */ = {isa = PBXFileReference; includeInIndex = 1; lastKnownFileType = text.xcconfig; name = "Pods-YEPA.debug.xcconfig"; path = "Target Support Files/Pods-YEPA/Pods-YEPA.debug.xcconfig"; sourceTree = "<group>"; };
		CA3CABCF21F26977057DA7F3 /* Pods_YEPA_YEPAUITests.framework */ = {isa = PBXFileReference; explicitFileType = wrapper.framework; includeInIndex = 0; path = Pods_YEPA_YEPAUITests.framework; sourceTree = BUILT_PRODUCTS_DIR; };
/* End PBXFileReference section */

/* Begin PBXFrameworksBuildPhase section */
		3D4236292699D3DF0075E192 /* Frameworks */ = {
			isa = PBXFrameworksBuildPhase;
			buildActionMask = 2147483647;
			files = (
				3E4B447623DF935C366A4514 /* Pods_YEPA.framework in Frameworks */,
			);
			runOnlyForDeploymentPostprocessing = 0;
		};
		3D42363F2699D3E10075E192 /* Frameworks */ = {
			isa = PBXFrameworksBuildPhase;
			buildActionMask = 2147483647;
			files = (
				ECA7144490F68FA3281917C0 /* Pods_YEPATests.framework in Frameworks */,
			);
			runOnlyForDeploymentPostprocessing = 0;
		};
		3D42364A2699D3E10075E192 /* Frameworks */ = {
			isa = PBXFrameworksBuildPhase;
			buildActionMask = 2147483647;
			files = (
				59267EBC71868FE8771E7ABA /* Pods_YEPA_YEPAUITests.framework in Frameworks */,
			);
			runOnlyForDeploymentPostprocessing = 0;
		};
/* End PBXFrameworksBuildPhase section */

/* Begin PBXGroup section */
		0696B261F7BCF520B0365A08 /* Frameworks */ = {
			isa = PBXGroup;
			children = (
				4FCF3F2829BFE0B31C1DE715 /* Pods_YEPA.framework */,
				CA3CABCF21F26977057DA7F3 /* Pods_YEPA_YEPAUITests.framework */,
				4F75A962E1E5D85C6D6FA4C9 /* Pods_YEPATests.framework */,
			);
			name = Frameworks;
			sourceTree = "<group>";
		};
		3D19CB7E269B25290036B3BE /* View */ = {
			isa = PBXGroup;
			children = (
				3D19CB7F269B25420036B3BE /* LogInViewController.swift */,
			);
			path = View;
			sourceTree = "<group>";
		};
		3D19CB81269B273C0036B3BE /* Configuration */ = {
			isa = PBXGroup;
			children = (
				3D19CB85269B27760036B3BE /* Base */,
				3D19CB84269B27700036B3BE /* Extension */,
				3D19CB83269B27640036B3BE /* CommonClass */,
				3D19CB82269B274E0036B3BE /* Secret */,
			);
			path = Configuration;
			sourceTree = "<group>";
		};
		3D19CB82269B274E0036B3BE /* Secret */ = {
			isa = PBXGroup;
			children = (
			);
			path = Secret;
			sourceTree = "<group>";
		};
		3D19CB83269B27640036B3BE /* CommonClass */ = {
			isa = PBXGroup;
			children = (
				3D19CB8A269B28030036B3BE /* IndicatorView.swift */,
			);
			path = CommonClass;
			sourceTree = "<group>";
		};
		3D19CB84269B27700036B3BE /* Extension */ = {
			isa = PBXGroup;
			children = (
				3D19CB8C269B287E0036B3BE /* Color.swift */,
				3D19CB8E269C8E530036B3BE /* UIView.swift */,
			);
			path = Extension;
			sourceTree = "<group>";
		};
		3D19CB85269B27760036B3BE /* Base */ = {
			isa = PBXGroup;
			children = (
				3D19CB86269B278A0036B3BE /* BaseViewController.swift */,
				3D19CB88269B27D20036B3BE /* BaseTabBarController.swift */,
			);
			path = Base;
			sourceTree = "<group>";
		};
		3D4236232699D3DF0075E192 = {
			isa = PBXGroup;
			children = (
				3D42362E2699D3DF0075E192 /* YEPA */,
				3D4236452699D3E10075E192 /* YEPATests */,
				3D4236502699D3E10075E192 /* YEPAUITests */,
				3D42362D2699D3DF0075E192 /* Products */,
				411F99EE93055368BF0DBAC2 /* Pods */,
				0696B261F7BCF520B0365A08 /* Frameworks */,
			);
			sourceTree = "<group>";
		};
		3D42362D2699D3DF0075E192 /* Products */ = {
			isa = PBXGroup;
			children = (
				3D42362C2699D3DF0075E192 /* YEPA.app */,
				3D4236422699D3E10075E192 /* YEPATests.xctest */,
				3D42364D2699D3E10075E192 /* YEPAUITests.xctest */,
			);
			name = Products;
			sourceTree = "<group>";
		};
		3D42362E2699D3DF0075E192 /* YEPA */ = {
			isa = PBXGroup;
			children = (
				3D19CB81269B273C0036B3BE /* Configuration */,
				3D19CB7E269B25290036B3BE /* View */,
				3D42362F2699D3DF0075E192 /* AppDelegate.swift */,
				3D4236312699D3DF0075E192 /* SceneDelegate.swift */,
				3D4236332699D3DF0075E192 /* ViewController.swift */,
				3D4236382699D3E10075E192 /* Assets.xcassets */,
				3D42363A2699D3E10075E192 /* LaunchScreen.storyboard */,
				3D42363D2699D3E10075E192 /* Info.plist */,
			);
			path = YEPA;
			sourceTree = "<group>";
		};
		3D4236452699D3E10075E192 /* YEPATests */ = {
			isa = PBXGroup;
			children = (
				3D4236462699D3E10075E192 /* YEPATests.swift */,
				3D4236482699D3E10075E192 /* Info.plist */,
			);
			path = YEPATests;
			sourceTree = "<group>";
		};
		3D4236502699D3E10075E192 /* YEPAUITests */ = {
			isa = PBXGroup;
			children = (
				3D4236512699D3E10075E192 /* YEPAUITests.swift */,
				3D4236532699D3E10075E192 /* Info.plist */,
			);
			path = YEPAUITests;
			sourceTree = "<group>";
		};
		411F99EE93055368BF0DBAC2 /* Pods */ = {
			isa = PBXGroup;
			children = (
				92065FBC31C4950C166CEEC6 /* Pods-YEPA.debug.xcconfig */,
				5FB4D70D353C05F6F4E2370D /* Pods-YEPA.release.xcconfig */,
				532AAC7A2604886B13D5626D /* Pods-YEPA-YEPAUITests.debug.xcconfig */,
				09AD1E784B4E34C5CEE6954E /* Pods-YEPA-YEPAUITests.release.xcconfig */,
				552EC522A41E41AD116252B5 /* Pods-YEPATests.debug.xcconfig */,
				1510B4AE2152A437C918B092 /* Pods-YEPATests.release.xcconfig */,
			);
			path = Pods;
			sourceTree = "<group>";
		};
/* End PBXGroup section */

/* Begin PBXNativeTarget section */
		3D42362B2699D3DF0075E192 /* YEPA */ = {
			isa = PBXNativeTarget;
			buildConfigurationList = 3D4236562699D3E10075E192 /* Build configuration list for PBXNativeTarget "YEPA" */;
			buildPhases = (
				F20C765BC023D7DC35EE6B97 /* [CP] Check Pods Manifest.lock */,
				3D4236282699D3DF0075E192 /* Sources */,
				3D4236292699D3DF0075E192 /* Frameworks */,
				3D42362A2699D3DF0075E192 /* Resources */,
				A50600BA585776E3BA45A80A /* [CP] Embed Pods Frameworks */,
			);
			buildRules = (
			);
			dependencies = (
			);
			name = YEPA;
			productName = YEPA;
			productReference = 3D42362C2699D3DF0075E192 /* YEPA.app */;
			productType = "com.apple.product-type.application";
		};
		3D4236412699D3E10075E192 /* YEPATests */ = {
			isa = PBXNativeTarget;
			buildConfigurationList = 3D4236592699D3E10075E192 /* Build configuration list for PBXNativeTarget "YEPATests" */;
			buildPhases = (
				9E0DEE8029BF356DBD2934BF /* [CP] Check Pods Manifest.lock */,
				3D42363E2699D3E10075E192 /* Sources */,
				3D42363F2699D3E10075E192 /* Frameworks */,
				3D4236402699D3E10075E192 /* Resources */,
			);
			buildRules = (
			);
			dependencies = (
				3D4236442699D3E10075E192 /* PBXTargetDependency */,
			);
			name = YEPATests;
			productName = YEPATests;
			productReference = 3D4236422699D3E10075E192 /* YEPATests.xctest */;
			productType = "com.apple.product-type.bundle.unit-test";
		};
		3D42364C2699D3E10075E192 /* YEPAUITests */ = {
			isa = PBXNativeTarget;
			buildConfigurationList = 3D42365C2699D3E10075E192 /* Build configuration list for PBXNativeTarget "YEPAUITests" */;
			buildPhases = (
				787B9EEF9C812A606E258E94 /* [CP] Check Pods Manifest.lock */,
				3D4236492699D3E10075E192 /* Sources */,
				3D42364A2699D3E10075E192 /* Frameworks */,
				3D42364B2699D3E10075E192 /* Resources */,
				CBC5B4BDF9E0C950F06D5126 /* [CP] Embed Pods Frameworks */,
			);
			buildRules = (
			);
			dependencies = (
				3D42364F2699D3E10075E192 /* PBXTargetDependency */,
			);
			name = YEPAUITests;
			productName = YEPAUITests;
			productReference = 3D42364D2699D3E10075E192 /* YEPAUITests.xctest */;
			productType = "com.apple.product-type.bundle.ui-testing";
		};
/* End PBXNativeTarget section */

/* Begin PBXProject section */
		3D4236242699D3DF0075E192 /* Project object */ = {
			isa = PBXProject;
			attributes = {
				LastSwiftUpdateCheck = 1250;
				LastUpgradeCheck = 1250;
				TargetAttributes = {
					3D42362B2699D3DF0075E192 = {
						CreatedOnToolsVersion = 12.5;
					};
					3D4236412699D3E10075E192 = {
						CreatedOnToolsVersion = 12.5;
						TestTargetID = 3D42362B2699D3DF0075E192;
					};
					3D42364C2699D3E10075E192 = {
						CreatedOnToolsVersion = 12.5;
						TestTargetID = 3D42362B2699D3DF0075E192;
					};
				};
			};
			buildConfigurationList = 3D4236272699D3DF0075E192 /* Build configuration list for PBXProject "YEPA" */;
			compatibilityVersion = "Xcode 9.3";
			developmentRegion = en;
			hasScannedForEncodings = 0;
			knownRegions = (
				en,
				Base,
			);
			mainGroup = 3D4236232699D3DF0075E192;
			productRefGroup = 3D42362D2699D3DF0075E192 /* Products */;
			projectDirPath = "";
			projectRoot = "";
			targets = (
				3D42362B2699D3DF0075E192 /* YEPA */,
				3D4236412699D3E10075E192 /* YEPATests */,
				3D42364C2699D3E10075E192 /* YEPAUITests */,
			);
		};
/* End PBXProject section */

/* Begin PBXResourcesBuildPhase section */
		3D42362A2699D3DF0075E192 /* Resources */ = {
			isa = PBXResourcesBuildPhase;
			buildActionMask = 2147483647;
			files = (
				3D42363C2699D3E10075E192 /* LaunchScreen.storyboard in Resources */,
				3D4236392699D3E10075E192 /* Assets.xcassets in Resources */,
			);
			runOnlyForDeploymentPostprocessing = 0;
		};
		3D4236402699D3E10075E192 /* Resources */ = {
			isa = PBXResourcesBuildPhase;
			buildActionMask = 2147483647;
			files = (
			);
			runOnlyForDeploymentPostprocessing = 0;
		};
		3D42364B2699D3E10075E192 /* Resources */ = {
			isa = PBXResourcesBuildPhase;
			buildActionMask = 2147483647;
			files = (
			);
			runOnlyForDeploymentPostprocessing = 0;
		};
/* End PBXResourcesBuildPhase section */

/* Begin PBXShellScriptBuildPhase section */
		787B9EEF9C812A606E258E94 /* [CP] Check Pods Manifest.lock */ = {
			isa = PBXShellScriptBuildPhase;
			buildActionMask = 2147483647;
			files = (
			);
			inputFileListPaths = (
			);
			inputPaths = (
				"${PODS_PODFILE_DIR_PATH}/Podfile.lock",
				"${PODS_ROOT}/Manifest.lock",
			);
			name = "[CP] Check Pods Manifest.lock";
			outputFileListPaths = (
			);
			outputPaths = (
				"$(DERIVED_FILE_DIR)/Pods-YEPA-YEPAUITests-checkManifestLockResult.txt",
			);
			runOnlyForDeploymentPostprocessing = 0;
			shellPath = /bin/sh;
			shellScript = "diff \"${PODS_PODFILE_DIR_PATH}/Podfile.lock\" \"${PODS_ROOT}/Manifest.lock\" > /dev/null\nif [ $? != 0 ] ; then\n    # print error to STDERR\n    echo \"error: The sandbox is not in sync with the Podfile.lock. Run 'pod install' or update your CocoaPods installation.\" >&2\n    exit 1\nfi\n# This output is used by Xcode 'outputs' to avoid re-running this script phase.\necho \"SUCCESS\" > \"${SCRIPT_OUTPUT_FILE_0}\"\n";
			showEnvVarsInLog = 0;
		};
		9E0DEE8029BF356DBD2934BF /* [CP] Check Pods Manifest.lock */ = {
			isa = PBXShellScriptBuildPhase;
			buildActionMask = 2147483647;
			files = (
			);
			inputFileListPaths = (
			);
			inputPaths = (
				"${PODS_PODFILE_DIR_PATH}/Podfile.lock",
				"${PODS_ROOT}/Manifest.lock",
			);
			name = "[CP] Check Pods Manifest.lock";
			outputFileListPaths = (
			);
			outputPaths = (
				"$(DERIVED_FILE_DIR)/Pods-YEPATests-checkManifestLockResult.txt",
			);
			runOnlyForDeploymentPostprocessing = 0;
			shellPath = /bin/sh;
			shellScript = "diff \"${PODS_PODFILE_DIR_PATH}/Podfile.lock\" \"${PODS_ROOT}/Manifest.lock\" > /dev/null\nif [ $? != 0 ] ; then\n    # print error to STDERR\n    echo \"error: The sandbox is not in sync with the Podfile.lock. Run 'pod install' or update your CocoaPods installation.\" >&2\n    exit 1\nfi\n# This output is used by Xcode 'outputs' to avoid re-running this script phase.\necho \"SUCCESS\" > \"${SCRIPT_OUTPUT_FILE_0}\"\n";
			showEnvVarsInLog = 0;
		};
		A50600BA585776E3BA45A80A /* [CP] Embed Pods Frameworks */ = {
			isa = PBXShellScriptBuildPhase;
			buildActionMask = 2147483647;
			files = (
			);
			inputFileListPaths = (
				"${PODS_ROOT}/Target Support Files/Pods-YEPA/Pods-YEPA-frameworks-${CONFIGURATION}-input-files.xcfilelist",
			);
			name = "[CP] Embed Pods Frameworks";
			outputFileListPaths = (
				"${PODS_ROOT}/Target Support Files/Pods-YEPA/Pods-YEPA-frameworks-${CONFIGURATION}-output-files.xcfilelist",
			);
			runOnlyForDeploymentPostprocessing = 0;
			shellPath = /bin/sh;
			shellScript = "\"${PODS_ROOT}/Target Support Files/Pods-YEPA/Pods-YEPA-frameworks.sh\"\n";
			showEnvVarsInLog = 0;
		};
		CBC5B4BDF9E0C950F06D5126 /* [CP] Embed Pods Frameworks */ = {
			isa = PBXShellScriptBuildPhase;
			buildActionMask = 2147483647;
			files = (
			);
			inputFileListPaths = (
				"${PODS_ROOT}/Target Support Files/Pods-YEPA-YEPAUITests/Pods-YEPA-YEPAUITests-frameworks-${CONFIGURATION}-input-files.xcfilelist",
			);
			name = "[CP] Embed Pods Frameworks";
			outputFileListPaths = (
				"${PODS_ROOT}/Target Support Files/Pods-YEPA-YEPAUITests/Pods-YEPA-YEPAUITests-frameworks-${CONFIGURATION}-output-files.xcfilelist",
			);
			runOnlyForDeploymentPostprocessing = 0;
			shellPath = /bin/sh;
			shellScript = "\"${PODS_ROOT}/Target Support Files/Pods-YEPA-YEPAUITests/Pods-YEPA-YEPAUITests-frameworks.sh\"\n";
			showEnvVarsInLog = 0;
		};
		F20C765BC023D7DC35EE6B97 /* [CP] Check Pods Manifest.lock */ = {
			isa = PBXShellScriptBuildPhase;
			buildActionMask = 2147483647;
			files = (
			);
			inputFileListPaths = (
			);
			inputPaths = (
				"${PODS_PODFILE_DIR_PATH}/Podfile.lock",
				"${PODS_ROOT}/Manifest.lock",
			);
			name = "[CP] Check Pods Manifest.lock";
			outputFileListPaths = (
			);
			outputPaths = (
				"$(DERIVED_FILE_DIR)/Pods-YEPA-checkManifestLockResult.txt",
			);
			runOnlyForDeploymentPostprocessing = 0;
			shellPath = /bin/sh;
			shellScript = "diff \"${PODS_PODFILE_DIR_PATH}/Podfile.lock\" \"${PODS_ROOT}/Manifest.lock\" > /dev/null\nif [ $? != 0 ] ; then\n    # print error to STDERR\n    echo \"error: The sandbox is not in sync with the Podfile.lock. Run 'pod install' or update your CocoaPods installation.\" >&2\n    exit 1\nfi\n# This output is used by Xcode 'outputs' to avoid re-running this script phase.\necho \"SUCCESS\" > \"${SCRIPT_OUTPUT_FILE_0}\"\n";
			showEnvVarsInLog = 0;
		};
/* End PBXShellScriptBuildPhase section */

/* Begin PBXSourcesBuildPhase section */
		3D4236282699D3DF0075E192 /* Sources */ = {
			isa = PBXSourcesBuildPhase;
			buildActionMask = 2147483647;
			files = (
				3D19CB87269B278A0036B3BE /* BaseViewController.swift in Sources */,
				3D4236342699D3DF0075E192 /* ViewController.swift in Sources */,
				3D19CB89269B27D20036B3BE /* BaseTabBarController.swift in Sources */,
				3D19CB8B269B28030036B3BE /* IndicatorView.swift in Sources */,
				3D4236302699D3DF0075E192 /* AppDelegate.swift in Sources */,
				3D19CB8D269B287E0036B3BE /* Color.swift in Sources */,
				3D4236322699D3DF0075E192 /* SceneDelegate.swift in Sources */,
				3D19CB8F269C8E530036B3BE /* UIView.swift in Sources */,
				3D19CB80269B25420036B3BE /* LogInViewController.swift in Sources */,
			);
			runOnlyForDeploymentPostprocessing = 0;
		};
		3D42363E2699D3E10075E192 /* Sources */ = {
			isa = PBXSourcesBuildPhase;
			buildActionMask = 2147483647;
			files = (
				3D4236472699D3E10075E192 /* YEPATests.swift in Sources */,
			);
			runOnlyForDeploymentPostprocessing = 0;
		};
		3D4236492699D3E10075E192 /* Sources */ = {
			isa = PBXSourcesBuildPhase;
			buildActionMask = 2147483647;
			files = (
				3D4236522699D3E10075E192 /* YEPAUITests.swift in Sources */,
			);
			runOnlyForDeploymentPostprocessing = 0;
		};
/* End PBXSourcesBuildPhase section */

/* Begin PBXTargetDependency section */
		3D4236442699D3E10075E192 /* PBXTargetDependency */ = {
			isa = PBXTargetDependency;
			target = 3D42362B2699D3DF0075E192 /* YEPA */;
			targetProxy = 3D4236432699D3E10075E192 /* PBXContainerItemProxy */;
		};
		3D42364F2699D3E10075E192 /* PBXTargetDependency */ = {
			isa = PBXTargetDependency;
			target = 3D42362B2699D3DF0075E192 /* YEPA */;
			targetProxy = 3D42364E2699D3E10075E192 /* PBXContainerItemProxy */;
		};
/* End PBXTargetDependency section */

/* Begin PBXVariantGroup section */
		3D42363A2699D3E10075E192 /* LaunchScreen.storyboard */ = {
			isa = PBXVariantGroup;
			children = (
				3D42363B2699D3E10075E192 /* Base */,
			);
			name = LaunchScreen.storyboard;
			sourceTree = "<group>";
		};
/* End PBXVariantGroup section */

/* Begin XCBuildConfiguration section */
		3D4236542699D3E10075E192 /* Debug */ = {
			isa = XCBuildConfiguration;
			buildSettings = {
				ALWAYS_SEARCH_USER_PATHS = NO;
				CLANG_ANALYZER_NONNULL = YES;
				CLANG_ANALYZER_NUMBER_OBJECT_CONVERSION = YES_AGGRESSIVE;
				CLANG_CXX_LANGUAGE_STANDARD = "gnu++14";
				CLANG_CXX_LIBRARY = "libc++";
				CLANG_ENABLE_MODULES = YES;
				CLANG_ENABLE_OBJC_ARC = YES;
				CLANG_ENABLE_OBJC_WEAK = YES;
				CLANG_WARN_BLOCK_CAPTURE_AUTORELEASING = YES;
				CLANG_WARN_BOOL_CONVERSION = YES;
				CLANG_WARN_COMMA = YES;
				CLANG_WARN_CONSTANT_CONVERSION = YES;
				CLANG_WARN_DEPRECATED_OBJC_IMPLEMENTATIONS = YES;
				CLANG_WARN_DIRECT_OBJC_ISA_USAGE = YES_ERROR;
				CLANG_WARN_DOCUMENTATION_COMMENTS = YES;
				CLANG_WARN_EMPTY_BODY = YES;
				CLANG_WARN_ENUM_CONVERSION = YES;
				CLANG_WARN_INFINITE_RECURSION = YES;
				CLANG_WARN_INT_CONVERSION = YES;
				CLANG_WARN_NON_LITERAL_NULL_CONVERSION = YES;
				CLANG_WARN_OBJC_IMPLICIT_RETAIN_SELF = YES;
				CLANG_WARN_OBJC_LITERAL_CONVERSION = YES;
				CLANG_WARN_OBJC_ROOT_CLASS = YES_ERROR;
				CLANG_WARN_QUOTED_INCLUDE_IN_FRAMEWORK_HEADER = YES;
				CLANG_WARN_RANGE_LOOP_ANALYSIS = YES;
				CLANG_WARN_STRICT_PROTOTYPES = YES;
				CLANG_WARN_SUSPICIOUS_MOVE = YES;
				CLANG_WARN_UNGUARDED_AVAILABILITY = YES_AGGRESSIVE;
				CLANG_WARN_UNREACHABLE_CODE = YES;
				CLANG_WARN__DUPLICATE_METHOD_MATCH = YES;
				COPY_PHASE_STRIP = NO;
				DEBUG_INFORMATION_FORMAT = dwarf;
				ENABLE_STRICT_OBJC_MSGSEND = YES;
				ENABLE_TESTABILITY = YES;
				GCC_C_LANGUAGE_STANDARD = gnu11;
				GCC_DYNAMIC_NO_PIC = NO;
				GCC_NO_COMMON_BLOCKS = YES;
				GCC_OPTIMIZATION_LEVEL = 0;
				GCC_PREPROCESSOR_DEFINITIONS = (
					"DEBUG=1",
					"$(inherited)",
				);
				GCC_WARN_64_TO_32_BIT_CONVERSION = YES;
				GCC_WARN_ABOUT_RETURN_TYPE = YES_ERROR;
				GCC_WARN_UNDECLARED_SELECTOR = YES;
				GCC_WARN_UNINITIALIZED_AUTOS = YES_AGGRESSIVE;
				GCC_WARN_UNUSED_FUNCTION = YES;
				GCC_WARN_UNUSED_VARIABLE = YES;
				IPHONEOS_DEPLOYMENT_TARGET = 14.5;
				MTL_ENABLE_DEBUG_INFO = INCLUDE_SOURCE;
				MTL_FAST_MATH = YES;
				ONLY_ACTIVE_ARCH = YES;
				SDKROOT = iphoneos;
				SWIFT_ACTIVE_COMPILATION_CONDITIONS = DEBUG;
				SWIFT_OPTIMIZATION_LEVEL = "-Onone";
			};
			name = Debug;
		};
		3D4236552699D3E10075E192 /* Release */ = {
			isa = XCBuildConfiguration;
			buildSettings = {
				ALWAYS_SEARCH_USER_PATHS = NO;
				CLANG_ANALYZER_NONNULL = YES;
				CLANG_ANALYZER_NUMBER_OBJECT_CONVERSION = YES_AGGRESSIVE;
				CLANG_CXX_LANGUAGE_STANDARD = "gnu++14";
				CLANG_CXX_LIBRARY = "libc++";
				CLANG_ENABLE_MODULES = YES;
				CLANG_ENABLE_OBJC_ARC = YES;
				CLANG_ENABLE_OBJC_WEAK = YES;
				CLANG_WARN_BLOCK_CAPTURE_AUTORELEASING = YES;
				CLANG_WARN_BOOL_CONVERSION = YES;
				CLANG_WARN_COMMA = YES;
				CLANG_WARN_CONSTANT_CONVERSION = YES;
				CLANG_WARN_DEPRECATED_OBJC_IMPLEMENTATIONS = YES;
				CLANG_WARN_DIRECT_OBJC_ISA_USAGE = YES_ERROR;
				CLANG_WARN_DOCUMENTATION_COMMENTS = YES;
				CLANG_WARN_EMPTY_BODY = YES;
				CLANG_WARN_ENUM_CONVERSION = YES;
				CLANG_WARN_INFINITE_RECURSION = YES;
				CLANG_WARN_INT_CONVERSION = YES;
				CLANG_WARN_NON_LITERAL_NULL_CONVERSION = YES;
				CLANG_WARN_OBJC_IMPLICIT_RETAIN_SELF = YES;
				CLANG_WARN_OBJC_LITERAL_CONVERSION = YES;
				CLANG_WARN_OBJC_ROOT_CLASS = YES_ERROR;
				CLANG_WARN_QUOTED_INCLUDE_IN_FRAMEWORK_HEADER = YES;
				CLANG_WARN_RANGE_LOOP_ANALYSIS = YES;
				CLANG_WARN_STRICT_PROTOTYPES = YES;
				CLANG_WARN_SUSPICIOUS_MOVE = YES;
				CLANG_WARN_UNGUARDED_AVAILABILITY = YES_AGGRESSIVE;
				CLANG_WARN_UNREACHABLE_CODE = YES;
				CLANG_WARN__DUPLICATE_METHOD_MATCH = YES;
				COPY_PHASE_STRIP = NO;
				DEBUG_INFORMATION_FORMAT = "dwarf-with-dsym";
				ENABLE_NS_ASSERTIONS = NO;
				ENABLE_STRICT_OBJC_MSGSEND = YES;
				GCC_C_LANGUAGE_STANDARD = gnu11;
				GCC_NO_COMMON_BLOCKS = YES;
				GCC_WARN_64_TO_32_BIT_CONVERSION = YES;
				GCC_WARN_ABOUT_RETURN_TYPE = YES_ERROR;
				GCC_WARN_UNDECLARED_SELECTOR = YES;
				GCC_WARN_UNINITIALIZED_AUTOS = YES_AGGRESSIVE;
				GCC_WARN_UNUSED_FUNCTION = YES;
				GCC_WARN_UNUSED_VARIABLE = YES;
				IPHONEOS_DEPLOYMENT_TARGET = 14.5;
				MTL_ENABLE_DEBUG_INFO = NO;
				MTL_FAST_MATH = YES;
				SDKROOT = iphoneos;
				SWIFT_COMPILATION_MODE = wholemodule;
				SWIFT_OPTIMIZATION_LEVEL = "-O";
				VALIDATE_PRODUCT = YES;
			};
			name = Release;
		};
		3D4236572699D3E10075E192 /* Debug */ = {
			isa = XCBuildConfiguration;
			baseConfigurationReference = 92065FBC31C4950C166CEEC6 /* Pods-YEPA.debug.xcconfig */;
			buildSettings = {
				ASSETCATALOG_COMPILER_APPICON_NAME = AppIcon;
				ASSETCATALOG_COMPILER_GLOBAL_ACCENT_COLOR_NAME = AccentColor;
				CODE_SIGN_STYLE = Automatic;
				CURRENT_PROJECT_VERSION = 1;
				DEVELOPMENT_TEAM = GLQQLN3R4U;
				INFOPLIST_FILE = YEPA/Info.plist;
				LD_RUNPATH_SEARCH_PATHS = (
					"$(inherited)",
					"@executable_path/Frameworks",
				);
				MARKETING_VERSION = 1.0.0;
				PRODUCT_BUNDLE_IDENTIFIER = "com.miori.dev-ios.YEPA";
				PRODUCT_NAME = "$(TARGET_NAME)";
				SWIFT_VERSION = 5.0;
				TARGETED_DEVICE_FAMILY = 1;
			};
			name = Debug;
		};
		3D4236582699D3E10075E192 /* Release */ = {
			isa = XCBuildConfiguration;
			baseConfigurationReference = 5FB4D70D353C05F6F4E2370D /* Pods-YEPA.release.xcconfig */;
			buildSettings = {
				ASSETCATALOG_COMPILER_APPICON_NAME = AppIcon;
				ASSETCATALOG_COMPILER_GLOBAL_ACCENT_COLOR_NAME = AccentColor;
				CODE_SIGN_STYLE = Automatic;
				CURRENT_PROJECT_VERSION = 1;
				DEVELOPMENT_TEAM = GLQQLN3R4U;
				INFOPLIST_FILE = YEPA/Info.plist;
				LD_RUNPATH_SEARCH_PATHS = (
					"$(inherited)",
					"@executable_path/Frameworks",
				);
				MARKETING_VERSION = 1.0.0;
				PRODUCT_BUNDLE_IDENTIFIER = "com.miori.dev-ios.YEPA";
				PRODUCT_NAME = "$(TARGET_NAME)";
				SWIFT_VERSION = 5.0;
				TARGETED_DEVICE_FAMILY = 1;
			};
			name = Release;
		};
		3D42365A2699D3E10075E192 /* Debug */ = {
			isa = XCBuildConfiguration;
			baseConfigurationReference = 552EC522A41E41AD116252B5 /* Pods-YEPATests.debug.xcconfig */;
			buildSettings = {
				ALWAYS_EMBED_SWIFT_STANDARD_LIBRARIES = YES;
				BUNDLE_LOADER = "$(TEST_HOST)";
				CODE_SIGN_STYLE = Automatic;
				DEVELOPMENT_TEAM = GLQQLN3R4U;
				INFOPLIST_FILE = YEPATests/Info.plist;
				IPHONEOS_DEPLOYMENT_TARGET = 14.5;
				LD_RUNPATH_SEARCH_PATHS = (
					"$(inherited)",
					"@executable_path/Frameworks",
					"@loader_path/Frameworks",
				);
				PRODUCT_BUNDLE_IDENTIFIER = "com.miori.dev-ios.YEPATests";
				PRODUCT_NAME = "$(TARGET_NAME)";
				SWIFT_VERSION = 5.0;
				TARGETED_DEVICE_FAMILY = "1,2";
				TEST_HOST = "$(BUILT_PRODUCTS_DIR)/YEPA.app/YEPA";
			};
			name = Debug;
		};
		3D42365B2699D3E10075E192 /* Release */ = {
			isa = XCBuildConfiguration;
			baseConfigurationReference = 1510B4AE2152A437C918B092 /* Pods-YEPATests.release.xcconfig */;
			buildSettings = {
				ALWAYS_EMBED_SWIFT_STANDARD_LIBRARIES = YES;
				BUNDLE_LOADER = "$(TEST_HOST)";
				CODE_SIGN_STYLE = Automatic;
				DEVELOPMENT_TEAM = GLQQLN3R4U;
				INFOPLIST_FILE = YEPATests/Info.plist;
				IPHONEOS_DEPLOYMENT_TARGET = 14.5;
				LD_RUNPATH_SEARCH_PATHS = (
					"$(inherited)",
					"@executable_path/Frameworks",
					"@loader_path/Frameworks",
				);
				PRODUCT_BUNDLE_IDENTIFIER = "com.miori.dev-ios.YEPATests";
				PRODUCT_NAME = "$(TARGET_NAME)";
				SWIFT_VERSION = 5.0;
				TARGETED_DEVICE_FAMILY = "1,2";
				TEST_HOST = "$(BUILT_PRODUCTS_DIR)/YEPA.app/YEPA";
			};
			name = Release;
		};
		3D42365D2699D3E10075E192 /* Debug */ = {
			isa = XCBuildConfiguration;
			baseConfigurationReference = 532AAC7A2604886B13D5626D /* Pods-YEPA-YEPAUITests.debug.xcconfig */;
			buildSettings = {
				ALWAYS_EMBED_SWIFT_STANDARD_LIBRARIES = YES;
				CODE_SIGN_STYLE = Automatic;
				DEVELOPMENT_TEAM = GLQQLN3R4U;
				INFOPLIST_FILE = YEPAUITests/Info.plist;
				LD_RUNPATH_SEARCH_PATHS = (
					"$(inherited)",
					"@executable_path/Frameworks",
					"@loader_path/Frameworks",
				);
				PRODUCT_BUNDLE_IDENTIFIER = "com.miori.dev-ios.YEPAUITests";
				PRODUCT_NAME = "$(TARGET_NAME)";
				SWIFT_VERSION = 5.0;
				TARGETED_DEVICE_FAMILY = "1,2";
				TEST_TARGET_NAME = YEPA;
			};
			name = Debug;
		};
		3D42365E2699D3E10075E192 /* Release */ = {
			isa = XCBuildConfiguration;
			baseConfigurationReference = 09AD1E784B4E34C5CEE6954E /* Pods-YEPA-YEPAUITests.release.xcconfig */;
			buildSettings = {
				ALWAYS_EMBED_SWIFT_STANDARD_LIBRARIES = YES;
				CODE_SIGN_STYLE = Automatic;
				DEVELOPMENT_TEAM = GLQQLN3R4U;
				INFOPLIST_FILE = YEPAUITests/Info.plist;
				LD_RUNPATH_SEARCH_PATHS = (
					"$(inherited)",
					"@executable_path/Frameworks",
					"@loader_path/Frameworks",
				);
				PRODUCT_BUNDLE_IDENTIFIER = "com.miori.dev-ios.YEPAUITests";
				PRODUCT_NAME = "$(TARGET_NAME)";
				SWIFT_VERSION = 5.0;
				TARGETED_DEVICE_FAMILY = "1,2";
				TEST_TARGET_NAME = YEPA;
			};
			name = Release;
		};
/* End XCBuildConfiguration section */

/* Begin XCConfigurationList section */
		3D4236272699D3DF0075E192 /* Build configuration list for PBXProject "YEPA" */ = {
			isa = XCConfigurationList;
			buildConfigurations = (
				3D4236542699D3E10075E192 /* Debug */,
				3D4236552699D3E10075E192 /* Release */,
			);
			defaultConfigurationIsVisible = 0;
			defaultConfigurationName = Release;
		};
		3D4236562699D3E10075E192 /* Build configuration list for PBXNativeTarget "YEPA" */ = {
			isa = XCConfigurationList;
			buildConfigurations = (
				3D4236572699D3E10075E192 /* Debug */,
				3D4236582699D3E10075E192 /* Release */,
			);
			defaultConfigurationIsVisible = 0;
			defaultConfigurationName = Release;
		};
		3D4236592699D3E10075E192 /* Build configuration list for PBXNativeTarget "YEPATests" */ = {
			isa = XCConfigurationList;
			buildConfigurations = (
				3D42365A2699D3E10075E192 /* Debug */,
				3D42365B2699D3E10075E192 /* Release */,
			);
			defaultConfigurationIsVisible = 0;
			defaultConfigurationName = Release;
		};
		3D42365C2699D3E10075E192 /* Build configuration list for PBXNativeTarget "YEPAUITests" */ = {
			isa = XCConfigurationList;
			buildConfigurations = (
				3D42365D2699D3E10075E192 /* Debug */,
				3D42365E2699D3E10075E192 /* Release */,
			);
			defaultConfigurationIsVisible = 0;
			defaultConfigurationName = Release;
		};
/* End XCConfigurationList section */
	};
	rootObject = 3D4236242699D3DF0075E192 /* Project object */;
}
